{
  "name": "ywasm",
  "version": "1.0.0",
  "lockfileVersion": 2,
  "requires": true,
  "packages": {
    "": {
      "name": "ywasm",
      "version": "1.0.0",
      "license": "MIT",
      "dependencies": {
        "loro-wasm": "../../../loro-rs/crates/loro-wasm"
      }
    },
    "../../../loro-rs/crates/loro-wasm": {
      "version": "0.1.0",
      "license": "ISC"
    },
    "../../../loro-rs/crates/loro-wasm/npm": {
      "version": "0.0.1",
      "extraneous": true,
      "license": "MIT",
      "devDependencies": {
        "@types/node": "^18.11.9"
      }
    },
    "node_modules/loro-wasm": {
      "resolved": "../../../loro-rs/crates/loro-wasm",
      "link": true
    }
  },
  "dependencies": {
    "loro-wasm": {
      "version": "file:../../../loro-rs/crates/loro-wasm"
    }
  }
}
