{
  "name": "ywasm",
  "version": "1.0.0",
  "lockfileVersion": 2,
  "requires": true,
  "packages": {
    "": {
      "name": "ywasm",
      "version": "1.0.0",
      "license": "MIT",
      "dependencies": {
        "ywasm": "^0.16.0"
      }
    },
    "node_modules/ywasm": {
      "version": "0.16.10",
      "resolved": "https://registry.npmmirror.com/ywasm/-/ywasm-0.16.10.tgz",
      "integrity": "sha512-nsoiKOD4rpBoWvwIfqTLo5cQcHh3d1gromzMkI1pBqg1Er4T+pl7Irs/Yg4i1QPQtTiKUWGPkVQnjcVE4zNyZQ=="
    }
  },
  "dependencies": {
    "ywasm": {
      "version": "0.16.10",
      "resolved": "https://registry.npmmirror.com/ywasm/-/ywasm-0.16.10.tgz",
      "integrity": "sha512-nsoiKOD4rpBoWvwIfqTLo5cQcHh3d1gromzMkI1pBqg1Er4T+pl7Irs/Yg4i1QPQtTiKUWGPkVQnjcVE4zNyZQ=="
    }
  }
}
