{
  "name": "yjs",
  "version": "1.0.0",
  "lockfileVersion": 3,
  "requires": true,
  "packages": {
    "": {
      "name": "yjs",
      "version": "1.0.0",
      "license": "MIT",
      "dependencies": {
        "yjs": "^13.6.8"
      }
    },
    "node_modules/isomorphic.js": {
      "version": "0.2.5",
      "resolved": "https://registry.npmmirror.com/isomorphic.js/-/isomorphic.js-0.2.5.tgz",
      "integrity": "sha512-PIeMbHqMt4DnUP3MA/Flc0HElYjMXArsw1qwJZcm9sqR8mq3l8NYizFMty0pWwE/tzIGH3EKK5+jes5mAr85yw==",
      "license": "MIT",
      "funding": {
        "type": "GitHub Sponsors ❤",
        "url": "https://github.com/sponsors/dmonad"
      }
    },
    "node_modules/lib0": {
      "version": "0.2.83",
      "resolved": "https://registry.npmmirror.com/lib0/-/lib0-0.2.83.tgz",
      "integrity": "sha512-O72x2MGVOG3TwQ1aXXkk1Ebb438OrxyQcg60oiWRm66U9uCnE12fDfO+NlQ43OVQkgNLvw2hzHYxkp76YLSxRw==",
      "license": "MIT",
      "dependencies": {
        "isomorphic.js": "^0.2.4"
      },
      "bin": {
        "0gentesthtml": "bin/gentesthtml.js",
        "0serve": "bin/0serve.js"
      },
      "engines": {
        "node": ">=16"
      },
      "funding": {
        "type": "GitHub Sponsors ❤",
        "url": "https://github.com/sponsors/dmonad"
      }
    },
    "node_modules/yjs": {
      "version": "13.6.8",
      "resolved": "https://registry.npmmirror.com/yjs/-/yjs-13.6.8.tgz",
      "integrity": "sha512-ZPq0hpJQb6f59B++Ngg4cKexDJTvfOgeiv0sBc4sUm8CaBWH7OQC4kcCgrqbjJ/B2+6vO49exvTmYfdlPtcjbg==",
      "dependencies": {
        "lib0": "^0.2.74"
      },
      "engines": {
        "node": ">=16.0.0",
        "npm": ">=8.0.0"
      }
    }
  }
}
