# THIS IS AN AUTOGENERATED FILE. DO NOT EDIT THIS FILE DIRECTLY.
# yarn lockfile v1


isomorphic.js@^0.2.4:
  version "0.2.5"
  resolved "https://registry.npmmirror.com/isomorphic.js/-/isomorphic.js-0.2.5.tgz"
  integrity sha512-PIeMbHqMt4DnUP3MA/Flc0HElYjMXArsw1qwJZcm9sqR8mq3l8NYizFMty0pWwE/tzIGH3EKK5+jes5mAr85yw==

lib0@^0.2.74:
  version "0.2.83"
  resolved "https://registry.npmmirror.com/lib0/-/lib0-0.2.83.tgz"
  integrity sha512-O72x2MGVOG3TwQ1aXXkk1Ebb438OrxyQcg60oiWRm66U9uCnE12fDfO+NlQ43OVQkgNLvw2hzHYxkp76YLSxRw==
  dependencies:
    isomorphic.js "^0.2.4"

yjs@^13.6.8:
  version "13.6.8"
  resolved "https://registry.npmmirror.com/yjs/-/yjs-13.6.8.tgz"
  integrity sha512-ZPq0hpJQb6f59B++Ngg4cKexDJTvfOgeiv0sBc4sUm8CaBWH7OQC4kcCgrqbjJ/B2+6vO49exvTmYfdlPtcjbg==
  dependencies:
    lib0 "^0.2.74"
